
Microsoft Visual Studio Solution File, Format Version 12.00
# Visual Studio Version 17
VisualStudioVersion = 17.8.34316.72
MinimumVisualStudioVersion = 10.0.40219.1
Project("{FAE04EC0-301F-11D3-BF4B-00C04F79EFBC}") = "ashishprac", "ashishprac.csproj", "{6BBBB74D-EB40-4AE4-943E-F4B4A28BF0F5}"
EndProject
Global
	GlobalSection(SolutionConfigurationPlatforms) = preSolution
		Debug|Any CPU = Debug|Any CPU
		Release|Any CPU = Release|Any CPU
	EndGlobalSection
	GlobalSection(ProjectConfigurationPlatforms) = postSolution
		{6BBBB74D-EB40-4AE4-943E-F4B4A28BF0F5}.Debug|Any CPU.ActiveCfg = Debug|Any CPU
		{6BBBB74D-EB40-4AE4-943E-F4B4A28BF0F5}.Debug|Any CPU.Build.0 = Debug|Any CPU
		{6BBBB74D-EB40-4AE4-943E-F4B4A28BF0F5}.Release|Any CPU.ActiveCfg = Release|Any CPU
		{6BBBB74D-EB40-4AE4-943E-F4B4A28BF0F5}.Release|Any CPU.Build.0 = Release|Any CPU
	EndGlobalSection
	GlobalSection(SolutionProperties) = preSolution
		HideSolutionNode = FALSE
	EndGlobalSection
	GlobalSection(ExtensibilityGlobals) = postSolution
		SolutionGuid = {4E307537-79E9-41AB-8EA7-02B7F8E47C8A}
	EndGlobalSection
EndGlobal
